# This file was autogenerated by uv via the following command:
#    make lock-dev
argcomplete==3.5.3
    # via commitizen
ast-serialize==0.12.1
    # via mypy
cfgv==3.5.0
    # via pre-commit
charset-normalizer==3.5.2
    # via commitizen
colorama==0.4.6
    # via
    #   commitizen
    #   pytest
commitizen==3.29.1
    # via your-project (pyproject.toml)
coverage==7.16.2
    # via pytest-cov
decli==0.6.3
    # via commitizen
distlib==0.4.3
    # via virtualenv
filelock==4.0.12
    # via
    #   python-discovery
    #   virtualenv
identify==2.6.20
    # via pre-commit
iniconfig==2.3.1
    # via pytest
jinja2==3.1.6
    # via commitizen
librt==0.16.0 ; platform_python_implementation != 'PyPy'
    # via mypy
markupsafe==3.0.4
    # via jinja2
mypy==2.4.0
    # via your-project (pyproject.toml)
mypy-extensions==1.1.0
    # via mypy
nodeenv==1.11.0
    # via pre-commit
packaging==26.3
    # via
    #   commitizen
    #   pytest
    #   virtualenv
pathspec==1.1.1
    # via mypy
platformdirs==4.12.4
    # via virtualenv
pluggy==1.6.0
    # via
    #   pytest
    #   pytest-cov
pre-commit==4.6.2
    # via your-project (pyproject.toml)
prompt-toolkit==3.0.53
    # via questionary
pygments==2.21.0
    # via pytest
pytest==9.1.1
    # via
    #   your-project (pyproject.toml)
    #   pytest-cov
pytest-cov==7.1.0
    # via your-project (pyproject.toml)
python-discovery==1.6.1
    # via virtualenv
pyyaml==6.0.3
    # via
    #   commitizen
    #   pre-commit
questionary==2.1.1
    # via commitizen
ruff==0.8.4
    # via your-project (pyproject.toml)
termcolor==2.5.0
    # via commitizen
tomlkit==0.15.1
    # via commitizen
typing-extensions==4.16.0
    # via mypy
virtualenv==21.14.6
    # via pre-commit
wcwidth==0.9.2
    # via prompt-toolkit
